{
  "originHash" : "00f24d5a453f63c1f24be7119da3953bf88a0674f8989dd02ffefef99c8a551d",
  "pins" : [
    {
      "identity" : "applovin-max-swift-package",
      "kind" : "remoteSourceControl",
      "location" : "https://github.com/AppLovin/AppLovin-MAX-Swift-Package.git",
      "state" : {
        "revision" : "b5acf713209298059bb2f09b22d84d523454bc7b",
        "version" : "13.5.1"
      }
    },
    {
      "identity" : "ios-adapters-spm",
      "kind" : "remoteSourceControl",
      "location" : "https://github.com/mdanylov-sigma/ios-adapters-spm.git",
      "state" : {
        "revision" : "8f7fb17cda8e314c961e2def53be8ee87e19e1cf",
        "version" : "3.2.1"
      }
    },
    {
      "identity" : "ios-spm",
      "kind" : "remoteSourceControl",
      "location" : "https://github.com/mdanylov-sigma/ios-spm.git",
      "state" : {
        "revision" : "6aad68058753739c44cbb2b6dcf0fbf942e89f56",
        "version" : "3.2.1"
      }
    },
    {
      "identity" : "swift-package-manager-google-interactive-media-ads-ios",
      "kind" : "remoteSourceControl",
      "location" : "https://github.com/googleads/swift-package-manager-google-interactive-media-ads-ios.git",
      "state" : {
        "branch" : "main",
        "revision" : "60c708f077d0d2aa02dfbfdeb60f2be8feb1c548"
      }
    },
    {
      "identity" : "swift-package-manager-google-mobile-ads",
      "kind" : "remoteSourceControl",
      "location" : "https://github.com/googleads/swift-package-manager-google-mobile-ads.git",
      "state" : {
        "revision" : "1239c23464503053c17d37ee5daa70de3455e9c8",
        "version" : "12.14.0"
      }
    },
    {
      "identity" : "swift-package-manager-google-user-messaging-platform",
      "kind" : "remoteSourceControl",
      "location" : "https://github.com/googleads/swift-package-manager-google-user-messaging-platform.git",
      "state" : {
        "revision" : "13b248eaa73b7826f0efb1bcf455e251d65ecb1b",
        "version" : "3.1.0"
      }
    }
  ],
  "version" : 3
}
